// !$*UTF8*$!
{
	archiveVersion = 1;
	classes = {
	};
	objectVersion = 46;
	objects = {

/* Begin PBXBuildFile section */
		F702DEAD1F29486400ACEED1 /* LevelSelectStars.swift in Sources */ = {isa = PBXBuildFile; fileRef = F702DEAC1F29486400ACEED1 /* LevelSelectStars.swift */; };
		F702DEB01F29498400ACEED1 /* LevelSelectStars.sks in Resources */ = {isa = PBXBuildFile; fileRef = F702DEAF1F29498400ACEED1 /* LevelSelectStars.sks */; };
		F702DEB31F2A8D9600ACEED1 /* Plant.swift in Sources */ = {isa = PBXBuildFile; fileRef = F702DEB21F2A8D9600ACEED1 /* Plant.swift */; };
		F702DEB51F2AACF100ACEED1 /* WaterBottleData.swift in Sources */ = {isa = PBXBuildFile; fileRef = F702DEB41F2AACF100ACEED1 /* WaterBottleData.swift */; };
		F7101A3F1F1D833B002C8367 /* Level_22.sks in Resources */ = {isa = PBXBuildFile; fileRef = F7101A3E1F1D833B002C8367 /* Level_22.sks */; };
		F7101A411F1D8350002C8367 /* Level_22.swift in Sources */ = {isa = PBXBuildFile; fileRef = F7101A401F1D8350002C8367 /* Level_22.swift */; };
		F71205311F17D9DC007DF257 /* Spikes.sks in Resources */ = {isa = PBXBuildFile; fileRef = F71205301F17D9DC007DF257 /* Spikes.sks */; };
		F71205341F17DA21007DF257 /* Spikes.swift in Sources */ = {isa = PBXBuildFile; fileRef = F71205331F17DA21007DF257 /* Spikes.swift */; };
		F71205361F17DB18007DF257 /* Level_8.swift in Sources */ = {isa = PBXBuildFile; fileRef = F71205351F17DB18007DF257 /* Level_8.swift */; };
		F712053B1F17DCB8007DF257 /* Level_8.sks in Resources */ = {isa = PBXBuildFile; fileRef = F712053A1F17DCB8007DF257 /* Level_8.sks */; };
		F71205401F17F39C007DF257 /* Fan.swift in Sources */ = {isa = PBXBuildFile; fileRef = F712053F1F17F39C007DF257 /* Fan.swift */; };
		F71205431F17F3E9007DF257 /* FanSpin.sks in Resources */ = {isa = PBXBuildFile; fileRef = F71205421F17F3E9007DF257 /* FanSpin.sks */; };
		F71205451F17F59A007DF257 /* Fan.sks in Resources */ = {isa = PBXBuildFile; fileRef = F71205441F17F59A007DF257 /* Fan.sks */; };
		F713B87A1F1E84520022E8E4 /* BuyPlants.sks in Resources */ = {isa = PBXBuildFile; fileRef = F713B8791F1E84520022E8E4 /* BuyPlants.sks */; };
		F713B87C1F1E84690022E8E4 /* BuyPlants.swift in Sources */ = {isa = PBXBuildFile; fileRef = F713B87B1F1E84690022E8E4 /* BuyPlants.swift */; };
		F71A32631F265FAF00F80338 /* VerticalMovingPlatform.swift in Sources */ = {isa = PBXBuildFile; fileRef = F71A32621F265FAF00F80338 /* VerticalMovingPlatform.swift */; };
		F71A32651F265FC400F80338 /* VerticalMovingPlatform.sks in Resources */ = {isa = PBXBuildFile; fileRef = F71A32641F265FC400F80338 /* VerticalMovingPlatform.sks */; };
		F71A32681F266E4100F80338 /* Level_11.swift in Sources */ = {isa = PBXBuildFile; fileRef = F71A32671F266E4100F80338 /* Level_11.swift */; };
		F71A326C1F26786400F80338 /* Level_11.sks in Resources */ = {isa = PBXBuildFile; fileRef = F71A326B1F26786400F80338 /* Level_11.sks */; };
		F71A326F1F26970600F80338 /* Level_13.swift in Sources */ = {isa = PBXBuildFile; fileRef = F71A326E1F26970600F80338 /* Level_13.swift */; };
		F71A32711F26984200F80338 /* Level_13.sks in Resources */ = {isa = PBXBuildFile; fileRef = F71A32701F26984200F80338 /* Level_13.sks */; };
		F71A32741F269CBE00F80338 /* Level_14.swift in Sources */ = {isa = PBXBuildFile; fileRef = F71A32731F269CBE00F80338 /* Level_14.swift */; };
		F71A32761F269CD000F80338 /* Level_14.sks in Resources */ = {isa = PBXBuildFile; fileRef = F71A32751F269CD000F80338 /* Level_14.sks */; };
		F71A32791F26A5D500F80338 /* Level_15.swift in Sources */ = {isa = PBXBuildFile; fileRef = F71A32781F26A5D500F80338 /* Level_15.swift */; };
		F71A327B1F26A5E400F80338 /* Level_15.sks in Resources */ = {isa = PBXBuildFile; fileRef = F71A327A1F26A5E400F80338 /* Level_15.sks */; };
		F71BD43B1F1941DC0045DC2B /* OilSpill_Right.sks in Resources */ = {isa = PBXBuildFile; fileRef = F71BD43A1F1941DC0045DC2B /* OilSpill_Right.sks */; };
		F71BD43E1F1944D90045DC2B /* OilSpill.swift in Sources */ = {isa = PBXBuildFile; fileRef = F71BD43D1F1944D90045DC2B /* OilSpill.swift */; };
		F71BD4401F1948A40045DC2B /* Level_12.sks in Resources */ = {isa = PBXBuildFile; fileRef = F71BD43F1F1948A40045DC2B /* Level_12.sks */; };
		F71BD4431F1949020045DC2B /* Level_12.swift in Sources */ = {isa = PBXBuildFile; fileRef = F71BD4421F1949020045DC2B /* Level_12.swift */; };
		F71DF1261F249B2E006B0E44 /* Level_9.swift in Sources */ = {isa = PBXBuildFile; fileRef = F71DF1251F249B2E006B0E44 /* Level_9.swift */; };
		F71DF1281F249B39006B0E44 /* Level_9.sks in Resources */ = {isa = PBXBuildFile; fileRef = F71DF1271F249B39006B0E44 /* Level_9.sks */; };
		F752B10B1F1B244600FAC328 /* Water.swift in Sources */ = {isa = PBXBuildFile; fileRef = F752B10A1F1B244600FAC328 /* Water.swift */; };
		F752B1111F1B29B100FAC328 /* Level_10.sks in Resources */ = {isa = PBXBuildFile; fileRef = F752B1101F1B29B100FAC328 /* Level_10.sks */; };
		F752B1131F1B29CA00FAC328 /* Level_10.swift in Sources */ = {isa = PBXBuildFile; fileRef = F752B1121F1B29CA00FAC328 /* Level_10.swift */; };
		F752B1151F1B307700FAC328 /* Water.sks in Resources */ = {isa = PBXBuildFile; fileRef = F752B1141F1B307700FAC328 /* Water.sks */; };
		F76C41791F13DFB000F84F43 /* AppDelegate.swift in Sources */ = {isa = PBXBuildFile; fileRef = F76C41781F13DFB000F84F43 /* AppDelegate.swift */; };
		F76C417B1F13DFB000F84F43 /* Forest.sks in Resources */ = {isa = PBXBuildFile; fileRef = F76C417A1F13DFB000F84F43 /* Forest.sks */; };
		F76C417D1F13DFB000F84F43 /* Actions.sks in Resources */ = {isa = PBXBuildFile; fileRef = F76C417C1F13DFB000F84F43 /* Actions.sks */; };
		F76C417F1F13DFB000F84F43 /* Forest.swift in Sources */ = {isa = PBXBuildFile; fileRef = F76C417E1F13DFB000F84F43 /* Forest.swift */; };
		F76C41811F13DFB000F84F43 /* GameViewController.swift in Sources */ = {isa = PBXBuildFile; fileRef = F76C41801F13DFB000F84F43 /* GameViewController.swift */; };
		F76C41841F13DFB000F84F43 /* Main.storyboard in Resources */ = {isa = PBXBuildFile; fileRef = F76C41821F13DFB000F84F43 /* Main.storyboard */; };
		F76C41861F13DFB000F84F43 /* Assets.xcassets in Resources */ = {isa = PBXBuildFile; fileRef = F76C41851F13DFB000F84F43 /* Assets.xcassets */; };
		F76C41891F13DFB000F84F43 /* LaunchScreen.storyboard in Resources */ = {isa = PBXBuildFile; fileRef = F76C41871F13DFB000F84F43 /* LaunchScreen.storyboard */; };
		F76C41941F13DFB100F84F43 /* AmorphousTests.swift in Sources */ = {isa = PBXBuildFile; fileRef = F76C41931F13DFB100F84F43 /* AmorphousTests.swift */; };
		F76C419F1F13DFB100F84F43 /* AmorphousUITests.swift in Sources */ = {isa = PBXBuildFile; fileRef = F76C419E1F13DFB100F84F43 /* AmorphousUITests.swift */; };
		F76C41AD1F13E67400F84F43 /* MSButtonNode.swift in Sources */ = {isa = PBXBuildFile; fileRef = F76C41AC1F13E67400F84F43 /* MSButtonNode.swift */; };
		F76C41AF1F13EB3500F84F43 /* LevelSelect.sks in Resources */ = {isa = PBXBuildFile; fileRef = F76C41AE1F13EB3500F84F43 /* LevelSelect.sks */; };
		F76C41B11F13EBD000F84F43 /* LevelSelect.swift in Sources */ = {isa = PBXBuildFile; fileRef = F76C41B01F13EBD000F84F43 /* LevelSelect.swift */; };
		F76C41B31F13FE6B00F84F43 /* Level_4.sks in Resources */ = {isa = PBXBuildFile; fileRef = F76C41B21F13FE6B00F84F43 /* Level_4.sks */; };
		F76C41B51F13FE9800F84F43 /* Level_4.swift in Sources */ = {isa = PBXBuildFile; fileRef = F76C41B41F13FE9800F84F43 /* Level_4.swift */; };
		F76C41B81F14057E00F84F43 /* Level.swift in Sources */ = {isa = PBXBuildFile; fileRef = F76C41B71F14057E00F84F43 /* Level.swift */; };
		F76C41BA1F141DE800F84F43 /* Player.swift in Sources */ = {isa = PBXBuildFile; fileRef = F76C41B91F141DE800F84F43 /* Player.swift */; };
		F76C41BD1F15468000F84F43 /* Sponge.sks in Resources */ = {isa = PBXBuildFile; fileRef = F76C41BC1F15468000F84F43 /* Sponge.sks */; };
		F76C41C01F156CE300F84F43 /* Window.sks in Resources */ = {isa = PBXBuildFile; fileRef = F76C41BF1F156CE300F84F43 /* Window.sks */; };
		F76C41C21F15706F00F84F43 /* Sponge.swift in Sources */ = {isa = PBXBuildFile; fileRef = F76C41C11F15706F00F84F43 /* Sponge.swift */; };
		F76C41C51F15811700F84F43 /* Window.swift in Sources */ = {isa = PBXBuildFile; fileRef = F76C41C41F15811700F84F43 /* Window.swift */; };
		F76C41C81F1597C600F84F43 /* CollisionManager.swift in Sources */ = {isa = PBXBuildFile; fileRef = F76C41C71F1597C600F84F43 /* CollisionManager.swift */; };
		F76C41CA1F159C4B00F84F43 /* CharacterActions.sks in Resources */ = {isa = PBXBuildFile; fileRef = F76C41C91F159C4B00F84F43 /* CharacterActions.sks */; };
		F76C41CC1F159CA100F84F43 /* SpongeSuck.sks in Resources */ = {isa = PBXBuildFile; fileRef = F76C41CB1F159CA100F84F43 /* SpongeSuck.sks */; };
		F77F43541F226DA100312E78 /* Level_24.swift in Sources */ = {isa = PBXBuildFile; fileRef = F77F43531F226DA100312E78 /* Level_24.swift */; };
		F77F43561F226DBA00312E78 /* Level_24.sks in Resources */ = {isa = PBXBuildFile; fileRef = F77F43551F226DBA00312E78 /* Level_24.sks */; };
		F77F43591F2278BF00312E78 /* Flame.swift in Sources */ = {isa = PBXBuildFile; fileRef = F77F43581F2278BF00312E78 /* Flame.swift */; };
		F77F435B1F2278CE00312E78 /* Flame.sks in Resources */ = {isa = PBXBuildFile; fileRef = F77F435A1F2278CE00312E78 /* Flame.sks */; };
		F77F43621F22A8A500312E78 /* Level_1.swift in Sources */ = {isa = PBXBuildFile; fileRef = F77F43611F22A8A500312E78 /* Level_1.swift */; };
		F77F43641F22A8DF00312E78 /* Level_1.sks in Resources */ = {isa = PBXBuildFile; fileRef = F77F43631F22A8DF00312E78 /* Level_1.sks */; };
		F77F43671F22AD0800312E78 /* Level_2.swift in Sources */ = {isa = PBXBuildFile; fileRef = F77F43661F22AD0800312E78 /* Level_2.swift */; };
		F77F43691F22AD3100312E78 /* Level_2.sks in Resources */ = {isa = PBXBuildFile; fileRef = F77F43681F22AD3100312E78 /* Level_2.sks */; };
		F77F436C1F22AFB400312E78 /* Level_3.swift in Sources */ = {isa = PBXBuildFile; fileRef = F77F436B1F22AFB400312E78 /* Level_3.swift */; };
		F77F436E1F22AFDD00312E78 /* Level_3.sks in Resources */ = {isa = PBXBuildFile; fileRef = F77F436D1F22AFDD00312E78 /* Level_3.sks */; };
		F77F43721F22F1C800312E78 /* Level_5.swift in Sources */ = {isa = PBXBuildFile; fileRef = F77F43711F22F1C800312E78 /* Level_5.swift */; };
		F77F43761F22F1FA00312E78 /* Level_5.sks in Resources */ = {isa = PBXBuildFile; fileRef = F77F43751F22F1FA00312E78 /* Level_5.sks */; };
		F77F43791F22F8CB00312E78 /* Level_6.swift in Sources */ = {isa = PBXBuildFile; fileRef = F77F43781F22F8CB00312E78 /* Level_6.swift */; };
		F77F437B1F22F91400312E78 /* Level_6.sks in Resources */ = {isa = PBXBuildFile; fileRef = F77F437A1F22F91400312E78 /* Level_6.sks */; };
		F77F437F1F23461F00312E78 /* Level_7.swift in Sources */ = {isa = PBXBuildFile; fileRef = F77F437E1F23461F00312E78 /* Level_7.swift */; };
		F77F43811F23462800312E78 /* Level_7.sks in Resources */ = {isa = PBXBuildFile; fileRef = F77F43801F23462800312E78 /* Level_7.sks */; };
		F780B69C1F16C32600A54538 /* WindowCrack.sks in Resources */ = {isa = PBXBuildFile; fileRef = F780B69B1F16C32600A54538 /* WindowCrack.sks */; };
		F7993ED41F1F37D300FE430D /* LevelSelect2.sks in Resources */ = {isa = PBXBuildFile; fileRef = F7993ED31F1F37D300FE430D /* LevelSelect2.sks */; };
		F7993ED61F1F37FD00FE430D /* LevelSelect2.swift in Sources */ = {isa = PBXBuildFile; fileRef = F7993ED51F1F37FD00FE430D /* LevelSelect2.swift */; };
		F7993ED81F1FC77700FE430D /* FallingBlock.swift in Sources */ = {isa = PBXBuildFile; fileRef = F7993ED71F1FC77700FE430D /* FallingBlock.swift */; };
		F7993EDA1F1FC7A500FE430D /* FallingBlock.sks in Resources */ = {isa = PBXBuildFile; fileRef = F7993ED91F1FC7A500FE430D /* FallingBlock.sks */; };
		F7993EDC1F1FD13E00FE430D /* Level_66.swift in Sources */ = {isa = PBXBuildFile; fileRef = F7993EDB1F1FD13E00FE430D /* Level_66.swift */; };
		F7993EDE1F1FD20C00FE430D /* Level_66.sks in Resources */ = {isa = PBXBuildFile; fileRef = F7993EDD1F1FD20C00FE430D /* Level_66.sks */; };
		F7993EE21F20221100FE430D /* LevelSummary.swift in Sources */ = {isa = PBXBuildFile; fileRef = F7993EE11F20221000FE430D /* LevelSummary.swift */; };
		F7993EE41F20222000FE430D /* LevelSummary.sks in Resources */ = {isa = PBXBuildFile; fileRef = F7993EE31F20222000FE430D /* LevelSummary.sks */; };
		F7A094301F27BB0B00A88923 /* Level_17.sks in Resources */ = {isa = PBXBuildFile; fileRef = F7A0942F1F27BB0B00A88923 /* Level_17.sks */; };
		F7A094331F27F20300A88923 /* Level_19.swift in Sources */ = {isa = PBXBuildFile; fileRef = F7A094321F27F20300A88923 /* Level_19.swift */; };
		F7A094351F27F36D00A88923 /* Level_19.sks in Resources */ = {isa = PBXBuildFile; fileRef = F7A094341F27F36D00A88923 /* Level_19.sks */; };
		F7A094381F27FBBA00A88923 /* Level_20.swift in Sources */ = {isa = PBXBuildFile; fileRef = F7A094371F27FBBA00A88923 /* Level_20.swift */; };
		F7A0943C1F27FC4400A88923 /* Level_20.sks in Resources */ = {isa = PBXBuildFile; fileRef = F7A0943B1F27FC4400A88923 /* Level_20.sks */; };
		F7A0943F1F280CB100A88923 /* GameData.swift in Sources */ = {isa = PBXBuildFile; fileRef = F7A0943E1F280CB100A88923 /* GameData.swift */; };
		F7A094421F280D4100A88923 /* DataManager.swift in Sources */ = {isa = PBXBuildFile; fileRef = F7A094411F280D4100A88923 /* DataManager.swift */; };
		F7A094441F28F97D00A88923 /* Level_21.swift in Sources */ = {isa = PBXBuildFile; fileRef = F7A094431F28F97D00A88923 /* Level_21.swift */; };
		F7A094461F28F98A00A88923 /* Level_21.sks in Resources */ = {isa = PBXBuildFile; fileRef = F7A094451F28F98A00A88923 /* Level_21.sks */; };
		F7A0944A1F2908B100A88923 /* LevelSelect3.swift in Sources */ = {isa = PBXBuildFile; fileRef = F7A094491F2908B100A88923 /* LevelSelect3.swift */; };
		F7A0944C1F2908F500A88923 /* LevelSelect3.sks in Resources */ = {isa = PBXBuildFile; fileRef = F7A0944B1F2908F500A88923 /* LevelSelect3.sks */; };
		F7A094501F2913A000A88923 /* Level_23.swift in Sources */ = {isa = PBXBuildFile; fileRef = F7A0944F1F2913A000A88923 /* Level_23.swift */; };
		F7A094521F29140100A88923 /* Level_23.sks in Resources */ = {isa = PBXBuildFile; fileRef = F7A094511F29140100A88923 /* Level_23.sks */; };
		F7A094551F29355200A88923 /* Level_25.swift in Sources */ = {isa = PBXBuildFile; fileRef = F7A094541F29355200A88923 /* Level_25.swift */; };
		F7A094571F2939CF00A88923 /* Level_25.sks in Resources */ = {isa = PBXBuildFile; fileRef = F7A094561F2939CF00A88923 /* Level_25.sks */; };
		F7AC5D451F27AC7C00E6D18A /* Level_16.swift in Sources */ = {isa = PBXBuildFile; fileRef = F7AC5D441F27AC7C00E6D18A /* Level_16.swift */; };
		F7AC5D471F27AC8B00E6D18A /* Level_16.sks in Resources */ = {isa = PBXBuildFile; fileRef = F7AC5D461F27AC8B00E6D18A /* Level_16.sks */; };
		F7AC5D4A1F27B6E700E6D18A /* Level_17.swift in Sources */ = {isa = PBXBuildFile; fileRef = F7AC5D491F27B6E700E6D18A /* Level_17.swift */; };
		F7C1E6081F197AD900D063E0 /* OilSpill_Left.sks in Resources */ = {isa = PBXBuildFile; fileRef = F7C1E6071F197AD900D063E0 /* OilSpill_Left.sks */; };
		F7DD4D821F1EC5880024687B /* PlantsPage.swift in Sources */ = {isa = PBXBuildFile; fileRef = F7DD4D811F1EC5880024687B /* PlantsPage.swift */; };
		F7DD4D841F1EC9A00024687B /* PlantsPage.sks in Resources */ = {isa = PBXBuildFile; fileRef = F7DD4D831F1EC9A00024687B /* PlantsPage.sks */; };
		F7EF5D5D1F25DB1B007BBC40 /* HorizontalMovingPlatform.sks in Resources */ = {isa = PBXBuildFile; fileRef = F7EF5D5C1F25DB1B007BBC40 /* HorizontalMovingPlatform.sks */; };
		F7EF5D5F1F25DB2C007BBC40 /* HorizontalMovingPlatform.swift in Sources */ = {isa = PBXBuildFile; fileRef = F7EF5D5E1F25DB2C007BBC40 /* HorizontalMovingPlatform.swift */; };
		F7F162BC1F21712400BB8F77 /* Level_18.swift in Sources */ = {isa = PBXBuildFile; fileRef = F7F162BB1F21712400BB8F77 /* Level_18.swift */; };
		F7F162BE1F21713200BB8F77 /* Level_18.sks in Resources */ = {isa = PBXBuildFile; fileRef = F7F162BD1F21713200BB8F77 /* Level_18.sks */; };
/* End PBXBuildFile section */

/* Begin PBXContainerItemProxy section */
		F76C41901F13DFB100F84F43 /* PBXContainerItemProxy */ = {
			isa = PBXContainerItemProxy;
			containerPortal = F76C416D1F13DFB000F84F43 /* Project object */;
			proxyType = 1;
			remoteGlobalIDString = F76C41741F13DFB000F84F43;
			remoteInfo = Amorphous;
		};
		F76C419B1F13DFB100F84F43 /* PBXContainerItemProxy */ = {
			isa = PBXContainerItemProxy;
			containerPortal = F76C416D1F13DFB000F84F43 /* Project object */;
			proxyType = 1;
			remoteGlobalIDString = F76C41741F13DFB000F84F43;
			remoteInfo = Amorphous;
		};
/* End PBXContainerItemProxy section */

/* Begin PBXFileReference section */
		F702DEAC1F29486400ACEED1 /* LevelSelectStars.swift */ = {isa = PBXFileReference; fileEncoding = 4; lastKnownFileType = sourcecode.swift; path = LevelSelectStars.swift; sourceTree = "<group>"; };
		F702DEAF1F29498400ACEED1 /* LevelSelectStars.sks */ = {isa = PBXFileReference; lastKnownFileType = file.sks; path = LevelSelectStars.sks; sourceTree = "<group>"; };
		F702DEB21F2A8D9600ACEED1 /* Plant.swift */ = {isa = PBXFileReference; fileEncoding = 4; lastKnownFileType = sourcecode.swift; path = Plant.swift; sourceTree = "<group>"; };
		F702DEB41F2AACF100ACEED1 /* WaterBottleData.swift */ = {isa = PBXFileReference; fileEncoding = 4; lastKnownFileType = sourcecode.swift; path = WaterBottleData.swift; sourceTree = "<group>"; };
		F7101A3E1F1D833B002C8367 /* Level_22.sks */ = {isa = PBXFileReference; lastKnownFileType = file.sks; path = Level_22.sks; sourceTree = "<group>"; };
		F7101A401F1D8350002C8367 /* Level_22.swift */ = {isa = PBXFileReference; fileEncoding = 4; lastKnownFileType = sourcecode.swift; path = Level_22.swift; sourceTree = "<group>"; };
		F71205301F17D9DC007DF257 /* Spikes.sks */ = {isa = PBXFileReference; lastKnownFileType = file.sks; path = Spikes.sks; sourceTree = "<group>"; };
		F71205331F17DA21007DF257 /* Spikes.swift */ = {isa = PBXFileReference; fileEncoding = 4; lastKnownFileType = sourcecode.swift; path = Spikes.swift; sourceTree = "<group>"; };
		F71205351F17DB18007DF257 /* Level_8.swift */ = {isa = PBXFileReference; fileEncoding = 4; lastKnownFileType = sourcecode.swift; path = Level_8.swift; sourceTree = "<group>"; };
		F712053A1F17DCB8007DF257 /* Level_8.sks */ = {isa = PBXFileReference; lastKnownFileType = file.sks; path = Level_8.sks; sourceTree = "<group>"; };
		F712053F1F17F39C007DF257 /* Fan.swift */ = {isa = PBXFileReference; fileEncoding = 4; lastKnownFileType = sourcecode.swift; path = Fan.swift; sourceTree = "<group>"; };
		F71205421F17F3E9007DF257 /* FanSpin.sks */ = {isa = PBXFileReference; lastKnownFileType = file.sks; name = FanSpin.sks; path = ../FanSpin.sks; sourceTree = "<group>"; };
		F71205441F17F59A007DF257 /* Fan.sks */ = {isa = PBXFileReference; lastKnownFileType = file.sks; path = Fan.sks; sourceTree = "<group>"; };
		F713B8791F1E84520022E8E4 /* BuyPlants.sks */ = {isa = PBXFileReference; lastKnownFileType = file.sks; path = BuyPlants.sks; sourceTree = "<group>"; };
		F713B87B1F1E84690022E8E4 /* BuyPlants.swift */ = {isa = PBXFileReference; fileEncoding = 4; lastKnownFileType = sourcecode.swift; path = BuyPlants.swift; sourceTree = "<group>"; };
		F71A32621F265FAF00F80338 /* VerticalMovingPlatform.swift */ = {isa = PBXFileReference; fileEncoding = 4; lastKnownFileType = sourcecode.swift; path = VerticalMovingPlatform.swift; sourceTree = "<group>"; };
		F71A32641F265FC400F80338 /* VerticalMovingPlatform.sks */ = {isa = PBXFileReference; lastKnownFileType = file.sks; path = VerticalMovingPlatform.sks; sourceTree = "<group>"; };
		F71A32671F266E4100F80338 /* Level_11.swift */ = {isa = PBXFileReference; fileEncoding = 4; lastKnownFileType = sourcecode.swift; path = Level_11.swift; sourceTree = "<group>"; };
		F71A326B1F26786400F80338 /* Level_11.sks */ = {isa = PBXFileReference; lastKnownFileType = file.sks; path = Level_11.sks; sourceTree = "<group>"; };
		F71A326E1F26970600F80338 /* Level_13.swift */ = {isa = PBXFileReference; fileEncoding = 4; lastKnownFileType = sourcecode.swift; path = Level_13.swift; sourceTree = "<group>"; };
		F71A32701F26984200F80338 /* Level_13.sks */ = {isa = PBXFileReference; lastKnownFileType = file.sks; path = Level_13.sks; sourceTree = "<group>"; };
		F71A32731F269CBE00F80338 /* Level_14.swift */ = {isa = PBXFileReference; fileEncoding = 4; lastKnownFileType = sourcecode.swift; path = Level_14.swift; sourceTree = "<group>"; };
		F71A32751F269CD000F80338 /* Level_14.sks */ = {isa = PBXFileReference; lastKnownFileType = file.sks; path = Level_14.sks; sourceTree = "<group>"; };
		F71A32781F26A5D500F80338 /* Level_15.swift */ = {isa = PBXFileReference; fileEncoding = 4; lastKnownFileType = sourcecode.swift; path = Level_15.swift; sourceTree = "<group>"; };
		F71A327A1F26A5E400F80338 /* Level_15.sks */ = {isa = PBXFileReference; lastKnownFileType = file.sks; path = Level_15.sks; sourceTree = "<group>"; };
		F71BD43A1F1941DC0045DC2B /* OilSpill_Right.sks */ = {isa = PBXFileReference; lastKnownFileType = file.sks; path = OilSpill_Right.sks; sourceTree = "<group>"; };
		F71BD43D1F1944D90045DC2B /* OilSpill.swift */ = {isa = PBXFileReference; fileEncoding = 4; lastKnownFileType = sourcecode.swift; path = OilSpill.swift; sourceTree = "<group>"; };
		F71BD43F1F1948A40045DC2B /* Level_12.sks */ = {isa = PBXFileReference; lastKnownFileType = file.sks; path = Level_12.sks; sourceTree = "<group>"; };
		F71BD4421F1949020045DC2B /* Level_12.swift */ = {isa = PBXFileReference; fileEncoding = 4; lastKnownFileType = sourcecode.swift; path = Level_12.swift; sourceTree = "<group>"; };
		F71DF1251F249B2E006B0E44 /* Level_9.swift */ = {isa = PBXFileReference; fileEncoding = 4; lastKnownFileType = sourcecode.swift; path = Level_9.swift; sourceTree = "<group>"; };
		F71DF1271F249B39006B0E44 /* Level_9.sks */ = {isa = PBXFileReference; lastKnownFileType = file.sks; path = Level_9.sks; sourceTree = "<group>"; };
		F752B10A1F1B244600FAC328 /* Water.swift */ = {isa = PBXFileReference; fileEncoding = 4; lastKnownFileType = sourcecode.swift; path = Water.swift; sourceTree = "<group>"; };
		F752B1101F1B29B100FAC328 /* Level_10.sks */ = {isa = PBXFileReference; lastKnownFileType = file.sks; path = Level_10.sks; sourceTree = "<group>"; };
		F752B1121F1B29CA00FAC328 /* Level_10.swift */ = {isa = PBXFileReference; fileEncoding = 4; lastKnownFileType = sourcecode.swift; path = Level_10.swift; sourceTree = "<group>"; };
		F752B1141F1B307700FAC328 /* Water.sks */ = {isa = PBXFileReference; lastKnownFileType = file.sks; path = Water.sks; sourceTree = "<group>"; };
		F76C41751F13DFB000F84F43 /* Amorphous.app */ = {isa = PBXFileReference; explicitFileType = wrapper.application; includeInIndex = 0; path = Amorphous.app; sourceTree = BUILT_PRODUCTS_DIR; };
		F76C41781F13DFB000F84F43 /* AppDelegate.swift */ = {isa = PBXFileReference; lastKnownFileType = sourcecode.swift; path = AppDelegate.swift; sourceTree = "<group>"; };
		F76C417A1F13DFB000F84F43 /* Forest.sks */ = {isa = PBXFileReference; lastKnownFileType = file.sks; path = Forest.sks; sourceTree = "<group>"; };
		F76C417C1F13DFB000F84F43 /* Actions.sks */ = {isa = PBXFileReference; lastKnownFileType = file.sks; path = Actions.sks; sourceTree = "<group>"; };
		F76C417E1F13DFB000F84F43 /* Forest.swift */ = {isa = PBXFileReference; lastKnownFileType = sourcecode.swift; path = Forest.swift; sourceTree = "<group>"; };
		F76C41801F13DFB000F84F43 /* GameViewController.swift */ = {isa = PBXFileReference; lastKnownFileType = sourcecode.swift; path = GameViewController.swift; sourceTree = "<group>"; };
		F76C41831F13DFB000F84F43 /* Base */ = {isa = PBXFileReference; lastKnownFileType = file.storyboard; name = Base; path = Base.lproj/Main.storyboard; sourceTree = "<group>"; };
		F76C41851F13DFB000F84F43 /* Assets.xcassets */ = {isa = PBXFileReference; lastKnownFileType = folder.assetcatalog; path = Assets.xcassets; sourceTree = "<group>"; };
		F76C41881F13DFB000F84F43 /* Base */ = {isa = PBXFileReference; lastKnownFileType = file.storyboard; name = Base; path = Base.lproj/LaunchScreen.storyboard; sourceTree = "<group>"; };
		F76C418A1F13DFB000F84F43 /* Info.plist */ = {isa = PBXFileReference; lastKnownFileType = text.plist.xml; path = Info.plist; sourceTree = "<group>"; };
		F76C418F1F13DFB000F84F43 /* AmorphousTests.xctest */ = {isa = PBXFileReference; explicitFileType = wrapper.cfbundle; includeInIndex = 0; path = AmorphousTests.xctest; sourceTree = BUILT_PRODUCTS_DIR; };
		F76C41931F13DFB100F84F43 /* AmorphousTests.swift */ = {isa = PBXFileReference; lastKnownFileType = sourcecode.swift; path = AmorphousTests.swift; sourceTree = "<group>"; };
		F76C41951F13DFB100F84F43 /* Info.plist */ = {isa = PBXFileReference; lastKnownFileType = text.plist.xml; path = Info.plist; sourceTree = "<group>"; };
		F76C419A1F13DFB100F84F43 /* AmorphousUITests.xctest */ = {isa = PBXFileReference; explicitFileType = wrapper.cfbundle; includeInIndex = 0; path = AmorphousUITests.xctest; sourceTree = BUILT_PRODUCTS_DIR; };
		F76C419E1F13DFB100F84F43 /* AmorphousUITests.swift */ = {isa = PBXFileReference; lastKnownFileType = sourcecode.swift; path = AmorphousUITests.swift; sourceTree = "<group>"; };
		F76C41A01F13DFB100F84F43 /* Info.plist */ = {isa = PBXFileReference; lastKnownFileType = text.plist.xml; path = Info.plist; sourceTree = "<group>"; };
		F76C41AC1F13E67400F84F43 /* MSButtonNode.swift */ = {isa = PBXFileReference; fileEncoding = 4; lastKnownFileType = sourcecode.swift; path = MSButtonNode.swift; sourceTree = "<group>"; };
		F76C41AE1F13EB3500F84F43 /* LevelSelect.sks */ = {isa = PBXFileReference; lastKnownFileType = file.sks; path = LevelSelect.sks; sourceTree = "<group>"; };
		F76C41B01F13EBD000F84F43 /* LevelSelect.swift */ = {isa = PBXFileReference; fileEncoding = 4; lastKnownFileType = sourcecode.swift; path = LevelSelect.swift; sourceTree = "<group>"; };
		F76C41B21F13FE6B00F84F43 /* Level_4.sks */ = {isa = PBXFileReference; lastKnownFileType = file.sks; path = Level_4.sks; sourceTree = "<group>"; };
		F76C41B41F13FE9800F84F43 /* Level_4.swift */ = {isa = PBXFileReference; fileEncoding = 4; lastKnownFileType = sourcecode.swift; path = Level_4.swift; sourceTree = "<group>"; };
		F76C41B71F14057E00F84F43 /* Level.swift */ = {isa = PBXFileReference; fileEncoding = 4; lastKnownFileType = sourcecode.swift; path = Level.swift; sourceTree = "<group>"; };
		F76C41B91F141DE800F84F43 /* Player.swift */ = {isa = PBXFileReference; fileEncoding = 4; lastKnownFileType = sourcecode.swift; path = Player.swift; sourceTree = "<group>"; };
		F76C41BC1F15468000F84F43 /* Sponge.sks */ = {isa = PBXFileReference; lastKnownFileType = file.sks; path = Sponge.sks; sourceTree = "<group>"; };
		F76C41BF1F156CE300F84F43 /* Window.sks */ = {isa = PBXFileReference; lastKnownFileType = file.sks; path = Window.sks; sourceTree = "<group>"; };
		F76C41C11F15706F00F84F43 /* Sponge.swift */ = {isa = PBXFileReference; fileEncoding = 4; lastKnownFileType = sourcecode.swift; path = Sponge.swift; sourceTree = "<group>"; };
		F76C41C41F15811700F84F43 /* Window.swift */ = {isa = PBXFileReference; fileEncoding = 4; lastKnownFileType = sourcecode.swift; path = Window.swift; sourceTree = "<group>"; };
		F76C41C71F1597C600F84F43 /* CollisionManager.swift */ = {isa = PBXFileReference; fileEncoding = 4; lastKnownFileType = sourcecode.swift; path = CollisionManager.swift; sourceTree = "<group>"; };
		F76C41C91F159C4B00F84F43 /* CharacterActions.sks */ = {isa = PBXFileReference; lastKnownFileType = file.sks; path = CharacterActions.sks; sourceTree = "<group>"; };
		F76C41CB1F159CA100F84F43 /* SpongeSuck.sks */ = {isa = PBXFileReference; lastKnownFileType = file.sks; name = SpongeSuck.sks; path = ../SpongeSuck.sks; sourceTree = "<group>"; };
		F77F43531F226DA100312E78 /* Level_24.swift */ = {isa = PBXFileReference; fileEncoding = 4; lastKnownFileType = sourcecode.swift; path = Level_24.swift; sourceTree = "<group>"; };
		F77F43551F226DBA00312E78 /* Level_24.sks */ = {isa = PBXFileReference; lastKnownFileType = file.sks; path = Level_24.sks; sourceTree = "<group>"; };
		F77F43581F2278BF00312E78 /* Flame.swift */ = {isa = PBXFileReference; fileEncoding = 4; lastKnownFileType = sourcecode.swift; path = Flame.swift; sourceTree = "<group>"; };
		F77F435A1F2278CE00312E78 /* Flame.sks */ = {isa = PBXFileReference; lastKnownFileType = file.sks; path = Flame.sks; sourceTree = "<group>"; };
		F77F43611F22A8A500312E78 /* Level_1.swift */ = {isa = PBXFileReference; fileEncoding = 4; lastKnownFileType = sourcecode.swift; path = Level_1.swift; sourceTree = "<group>"; };
		F77F43631F22A8DF00312E78 /* Level_1.sks */ = {isa = PBXFileReference; lastKnownFileType = file.sks; path = Level_1.sks; sourceTree = "<group>"; };
		F77F43661F22AD0800312E78 /* Level_2.swift */ = {isa = PBXFileReference; fileEncoding = 4; lastKnownFileType = sourcecode.swift; path = Level_2.swift; sourceTree = "<group>"; };
		F77F43681F22AD3100312E78 /* Level_2.sks */ = {isa = PBXFileReference; lastKnownFileType = file.sks; path = Level_2.sks; sourceTree = "<group>"; };
		F77F436B1F22AFB400312E78 /* Level_3.swift */ = {isa = PBXFileReference; fileEncoding = 4; lastKnownFileType = sourcecode.swift; path = Level_3.swift; sourceTree = "<group>"; };
		F77F436D1F22AFDD00312E78 /* Level_3.sks */ = {isa = PBXFileReference; lastKnownFileType = file.sks; path = Level_3.sks; sourceTree = "<group>"; };
		F77F43711F22F1C800312E78 /* Level_5.swift */ = {isa = PBXFileReference; fileEncoding = 4; lastKnownFileType = sourcecode.swift; path = Level_5.swift; sourceTree = "<group>"; };
		F77F43751F22F1FA00312E78 /* Level_5.sks */ = {isa = PBXFileReference; lastKnownFileType = file.sks; path = Level_5.sks; sourceTree = "<group>"; };
		F77F43781F22F8CB00312E78 /* Level_6.swift */ = {isa = PBXFileReference; fileEncoding = 4; lastKnownFileType = sourcecode.swift; path = Level_6.swift; sourceTree = "<group>"; };
		F77F437A1F22F91400312E78 /* Level_6.sks */ = {isa = PBXFileReference; lastKnownFileType = file.sks; path = Level_6.sks; sourceTree = "<group>"; };
		F77F437E1F23461F00312E78 /* Level_7.swift */ = {isa = PBXFileReference; fileEncoding = 4; lastKnownFileType = sourcecode.swift; path = Level_7.swift; sourceTree = "<group>"; };
		F77F43801F23462800312E78 /* Level_7.sks */ = {isa = PBXFileReference; lastKnownFileType = file.sks; path = Level_7.sks; sourceTree = "<group>"; };
		F780B69B1F16C32600A54538 /* WindowCrack.sks */ = {isa = PBXFileReference; lastKnownFileType = file.sks; name = WindowCrack.sks; path = ../WindowCrack.sks; sourceTree = "<group>"; };
		F7993ED31F1F37D300FE430D /* LevelSelect2.sks */ = {isa = PBXFileReference; lastKnownFileType = file.sks; path = LevelSelect2.sks; sourceTree = "<group>"; };
		F7993ED51F1F37FD00FE430D /* LevelSelect2.swift */ = {isa = PBXFileReference; fileEncoding = 4; lastKnownFileType = sourcecode.swift; path = LevelSelect2.swift; sourceTree = "<group>"; };
		F7993ED71F1FC77700FE430D /* FallingBlock.swift */ = {isa = PBXFileReference; fileEncoding = 4; lastKnownFileType = sourcecode.swift; path = FallingBlock.swift; sourceTree = "<group>"; };
		F7993ED91F1FC7A500FE430D /* FallingBlock.sks */ = {isa = PBXFileReference; lastKnownFileType = file.sks; path = FallingBlock.sks; sourceTree = "<group>"; };
		F7993EDB1F1FD13E00FE430D /* Level_66.swift */ = {isa = PBXFileReference; fileEncoding = 4; lastKnownFileType = sourcecode.swift; path = Level_66.swift; sourceTree = "<group>"; };
		F7993EDD1F1FD20C00FE430D /* Level_66.sks */ = {isa = PBXFileReference; lastKnownFileType = file.sks; path = Level_66.sks; sourceTree = "<group>"; };
		F7993EE11F20221000FE430D /* LevelSummary.swift */ = {isa = PBXFileReference; fileEncoding = 4; lastKnownFileType = sourcecode.swift; path = LevelSummary.swift; sourceTree = "<group>"; };
		F7993EE31F20222000FE430D /* LevelSummary.sks */ = {isa = PBXFileReference; lastKnownFileType = file.sks; path = LevelSummary.sks; sourceTree = "<group>"; };
		F7A0942F1F27BB0B00A88923 /* Level_17.sks */ = {isa = PBXFileReference; lastKnownFileType = file.sks; path = Level_17.sks; sourceTree = "<group>"; };
		F7A094321F27F20300A88923 /* Level_19.swift */ = {isa = PBXFileReference; fileEncoding = 4; lastKnownFileType = sourcecode.swift; path = Level_19.swift; sourceTree = "<group>"; };
		F7A094341F27F36D00A88923 /* Level_19.sks */ = {isa = PBXFileReference; lastKnownFileType = file.sks; path = Level_19.sks; sourceTree = "<group>"; };
		F7A094371F27FBBA00A88923 /* Level_20.swift */ = {isa = PBXFileReference; fileEncoding = 4; lastKnownFileType = sourcecode.swift; path = Level_20.swift; sourceTree = "<group>"; };
		F7A0943B1F27FC4400A88923 /* Level_20.sks */ = {isa = PBXFileReference; lastKnownFileType = file.sks; path = Level_20.sks; sourceTree = "<group>"; };
		F7A0943E1F280CB100A88923 /* GameData.swift */ = {isa = PBXFileReference; fileEncoding = 4; lastKnownFileType = sourcecode.swift; path = GameData.swift; sourceTree = "<group>"; };
		F7A094411F280D4100A88923 /* DataManager.swift */ = {isa = PBXFileReference; fileEncoding = 4; lastKnownFileType = sourcecode.swift; path = DataManager.swift; sourceTree = "<group>"; };
		F7A094431F28F97D00A88923 /* Level_21.swift */ = {isa = PBXFileReference; fileEncoding = 4; lastKnownFileType = sourcecode.swift; path = Level_21.swift; sourceTree = "<group>"; };
		F7A094451F28F98A00A88923 /* Level_21.sks */ = {isa = PBXFileReference; lastKnownFileType = file.sks; path = Level_21.sks; sourceTree = "<group>"; };
		F7A094491F2908B100A88923 /* LevelSelect3.swift */ = {isa = PBXFileReference; fileEncoding = 4; lastKnownFileType = sourcecode.swift; path = LevelSelect3.swift; sourceTree = "<group>"; };
		F7A0944B1F2908F500A88923 /* LevelSelect3.sks */ = {isa = PBXFileReference; lastKnownFileType = file.sks; path = LevelSelect3.sks; sourceTree = "<group>"; };
		F7A0944F1F2913A000A88923 /* Level_23.swift */ = {isa = PBXFileReference; fileEncoding = 4; lastKnownFileType = sourcecode.swift; path = Level_23.swift; sourceTree = "<group>"; };
		F7A094511F29140100A88923 /* Level_23.sks */ = {isa = PBXFileReference; lastKnownFileType = file.sks; path = Level_23.sks; sourceTree = "<group>"; };
		F7A094541F29355200A88923 /* Level_25.swift */ = {isa = PBXFileReference; fileEncoding = 4; lastKnownFileType = sourcecode.swift; path = Level_25.swift; sourceTree = "<group>"; };
		F7A094561F2939CF00A88923 /* Level_25.sks */ = {isa = PBXFileReference; lastKnownFileType = file.sks; path = Level_25.sks; sourceTree = "<group>"; };
		F7AC5D441F27AC7C00E6D18A /* Level_16.swift */ = {isa = PBXFileReference; fileEncoding = 4; lastKnownFileType = sourcecode.swift; path = Level_16.swift; sourceTree = "<group>"; };
		F7AC5D461F27AC8B00E6D18A /* Level_16.sks */ = {isa = PBXFileReference; lastKnownFileType = file.sks; path = Level_16.sks; sourceTree = "<group>"; };
		F7AC5D491F27B6E700E6D18A /* Level_17.swift */ = {isa = PBXFileReference; fileEncoding = 4; lastKnownFileType = sourcecode.swift; path = Level_17.swift; sourceTree = "<group>"; };
		F7C1E6071F197AD900D063E0 /* OilSpill_Left.sks */ = {isa = PBXFileReference; lastKnownFileType = file.sks; path = OilSpill_Left.sks; sourceTree = "<group>"; };
		F7DD4D811F1EC5880024687B /* PlantsPage.swift */ = {isa = PBXFileReference; fileEncoding = 4; lastKnownFileType = sourcecode.swift; path = PlantsPage.swift; sourceTree = "<group>"; };
		F7DD4D831F1EC9A00024687B /* PlantsPage.sks */ = {isa = PBXFileReference; lastKnownFileType = file.sks; path = PlantsPage.sks; sourceTree = "<group>"; };
		F7EF5D5C1F25DB1B007BBC40 /* HorizontalMovingPlatform.sks */ = {isa = PBXFileReference; lastKnownFileType = file.sks; path = HorizontalMovingPlatform.sks; sourceTree = "<group>"; };
		F7EF5D5E1F25DB2C007BBC40 /* HorizontalMovingPlatform.swift */ = {isa = PBXFileReference; fileEncoding = 4; lastKnownFileType = sourcecode.swift; path = HorizontalMovingPlatform.swift; sourceTree = "<group>"; };
		F7F162BB1F21712400BB8F77 /* Level_18.swift */ = {isa = PBXFileReference; fileEncoding = 4; lastKnownFileType = sourcecode.swift; path = Level_18.swift; sourceTree = "<group>"; };
		F7F162BD1F21713200BB8F77 /* Level_18.sks */ = {isa = PBXFileReference; lastKnownFileType = file.sks; path = Level_18.sks; sourceTree = "<group>"; };
/* End PBXFileReference section */

/* Begin PBXFrameworksBuildPhase section */
		F76C41721F13DFB000F84F43 /* Frameworks */ = {
			isa = PBXFrameworksBuildPhase;
			buildActionMask = 2147483647;
			files = (
			);
			runOnlyForDeploymentPostprocessing = 0;
		};
		F76C418C1F13DFB000F84F43 /* Frameworks */ = {
			isa = PBXFrameworksBuildPhase;
			buildActionMask = 2147483647;
			files = (
			);
			runOnlyForDeploymentPostprocessing = 0;
		};
		F76C41971F13DFB100F84F43 /* Frameworks */ = {
			isa = PBXFrameworksBuildPhase;
			buildActionMask = 2147483647;
			files = (
			);
			runOnlyForDeploymentPostprocessing = 0;
		};
/* End PBXFrameworksBuildPhase section */

/* Begin PBXGroup section */
		F702DEAE1F2948C300ACEED1 /* Level_25 */ = {
			isa = PBXGroup;
			children = (
				F7A094541F29355200A88923 /* Level_25.swift */,
				F7A094561F2939CF00A88923 /* Level_25.sks */,
			);
			name = Level_25;
			sourceTree = "<group>";
		};
		F702DEB11F2A5D6100ACEED1 /* LevelSelectStars */ = {
			isa = PBXGroup;
			children = (
				F702DEAC1F29486400ACEED1 /* LevelSelectStars.swift */,
				F702DEAF1F29498400ACEED1 /* LevelSelectStars.sks */,
			);
			name = LevelSelectStars;
			sourceTree = "<group>";
		};
		F7101A3D1F1D50CE002C8367 /* Forest */ = {
			isa = PBXGroup;
			children = (
				F76C417A1F13DFB000F84F43 /* Forest.sks */,
				F76C417E1F13DFB000F84F43 /* Forest.swift */,
				F702DEB21F2A8D9600ACEED1 /* Plant.swift */,
				F713B87D1F1E84720022E8E4 /* BuyPlants */,
			);
			name = Forest;
			sourceTree = "<group>";
		};
		F7101A421F1D8358002C8367 /* Level_22 */ = {
			isa = PBXGroup;
			children = (
				F7101A3E1F1D833B002C8367 /* Level_22.sks */,
				F7101A401F1D8350002C8367 /* Level_22.swift */,
			);
			name = Level_22;
			sourceTree = "<group>";
		};
		F71205321F17D9FF007DF257 /* Spikes */ = {
			isa = PBXGroup;
			children = (
				F71205301F17D9DC007DF257 /* Spikes.sks */,
				F71205331F17DA21007DF257 /* Spikes.swift */,
			);
			name = Spikes;
			sourceTree = "<group>";
		};
		F71205391F17DB35007DF257 /* Level_8 */ = {
			isa = PBXGroup;
			children = (
				F71205351F17DB18007DF257 /* Level_8.swift */,
				F712053A1F17DCB8007DF257 /* Level_8.sks */,
			);
			name = Level_8;
			sourceTree = "<group>";
		};
		F712053E1F17F382007DF257 /* Fan */ = {
			isa = PBXGroup;
			children = (
				F71205441F17F59A007DF257 /* Fan.sks */,
				F712053F1F17F39C007DF257 /* Fan.swift */,
			);
			name = Fan;
			sourceTree = "<group>";
		};
		F71205411F17F3D1007DF257 /* Animations */ = {
			isa = PBXGroup;
			children = (
				F76C41CB1F159CA100F84F43 /* SpongeSuck.sks */,
				F71205421F17F3E9007DF257 /* FanSpin.sks */,
				F780B69B1F16C32600A54538 /* WindowCrack.sks */,
			);
			name = Animations;
			sourceTree = "<group>";
		};
		F713B87D1F1E84720022E8E4 /* BuyPlants */ = {
			isa = PBXGroup;
			children = (
				F713B8791F1E84520022E8E4 /* BuyPlants.sks */,
				F713B87B1F1E84690022E8E4 /* BuyPlants.swift */,
				F7DD4D801F1EC56B0024687B /* PlantsPage */,
			);
			name = BuyPlants;
			sourceTree = "<group>";
		};
		F71A32661F266C8E00F80338 /* VerticalMovingPlatform */ = {
			isa = PBXGroup;
			children = (
				F71A32621F265FAF00F80338 /* VerticalMovingPlatform.swift */,
				F71A32641F265FC400F80338 /* VerticalMovingPlatform.sks */,
			);
			name = VerticalMovingPlatform;
			sourceTree = "<group>";
		};
		F71A326D1F26935400F80338 /* Level_11 */ = {
			isa = PBXGroup;
			children = (
				F71A32671F266E4100F80338 /* Level_11.swift */,
				F71A326B1F26786400F80338 /* Level_11.sks */,
			);
			name = Level_11;
			sourceTree = "<group>";
		};
		F71A32721F269BCB00F80338 /* Level_13 */ = {
			isa = PBXGroup;
			children = (
				F71A326E1F26970600F80338 /* Level_13.swift */,
				F71A32701F26984200F80338 /* Level_13.sks */,
			);
			name = Level_13;
			sourceTree = "<group>";
		};
		F71A32771F26A48A00F80338 /* Level_14 */ = {
			isa = PBXGroup;
			children = (
				F71A32731F269CBE00F80338 /* Level_14.swift */,
				F71A32751F269CD000F80338 /* Level_14.sks */,
			);
			name = Level_14;
			sourceTree = "<group>";
		};
		F71A327C1F26B40B00F80338 /* Level_15 */ = {
			isa = PBXGroup;
			children = (
				F71A32781F26A5D500F80338 /* Level_15.swift */,
				F71A327A1F26A5E400F80338 /* Level_15.sks */,
			);
			name = Level_15;
			sourceTree = "<group>";
		};
		F71BD43C1F19443D0045DC2B /* OilSpill */ = {
			isa = PBXGroup;
			children = (
				F71BD43A1F1941DC0045DC2B /* OilSpill_Right.sks */,
				F7C1E6071F197AD900D063E0 /* OilSpill_Left.sks */,
				F71BD43D1F1944D90045DC2B /* OilSpill.swift */,
			);
			name = OilSpill;
			sourceTree = "<group>";
		};
		F71BD4411F1948A90045DC2B /* Level_12 */ = {
			isa = PBXGroup;
			children = (
				F71BD43F1F1948A40045DC2B /* Level_12.sks */,
				F71BD4421F1949020045DC2B /* Level_12.swift */,
			);
			name = Level_12;
			sourceTree = "<group>";
		};
		F71DF1291F249B3E006B0E44 /* Level_9 */ = {
			isa = PBXGroup;
			children = (
				F71DF1251F249B2E006B0E44 /* Level_9.swift */,
				F71DF1271F249B39006B0E44 /* Level_9.sks */,
			);
			name = Level_9;
			sourceTree = "<group>";
		};
		F752B10C1F1B245200FAC328 /* Water */ = {
			isa = PBXGroup;
			children = (
				F752B10A1F1B244600FAC328 /* Water.swift */,
				F752B1141F1B307700FAC328 /* Water.sks */,
			);
			name = Water;
			sourceTree = "<group>";
		};
		F752B10F1F1B28DC00FAC328 /* Level_10 */ = {
			isa = PBXGroup;
			children = (
				F752B1101F1B29B100FAC328 /* Level_10.sks */,
				F752B1121F1B29CA00FAC328 /* Level_10.swift */,
			);
			name = Level_10;
			sourceTree = "<group>";
		};
		F76C416C1F13DFB000F84F43 = {
			isa = PBXGroup;
			children = (
				F76C41771F13DFB000F84F43 /* Amorphous */,
				F76C41921F13DFB100F84F43 /* AmorphousTests */,
				F76C419D1F13DFB100F84F43 /* AmorphousUITests */,
				F76C41761F13DFB000F84F43 /* Products */,
			);
			sourceTree = "<group>";
		};
		F76C41761F13DFB000F84F43 /* Products */ = {
			isa = PBXGroup;
			children = (
				F76C41751F13DFB000F84F43 /* Amorphous.app */,
				F76C418F1F13DFB000F84F43 /* AmorphousTests.xctest */,
				F76C419A1F13DFB100F84F43 /* AmorphousUITests.xctest */,
			);
			name = Products;
			sourceTree = "<group>";
		};
		F76C41771F13DFB000F84F43 /* Amorphous */ = {
			isa = PBXGroup;
			children = (
				F76C41781F13DFB000F84F43 /* AppDelegate.swift */,
				F76C417C1F13DFB000F84F43 /* Actions.sks */,
				F76C41AC1F13E67400F84F43 /* MSButtonNode.swift */,
				F76C41801F13DFB000F84F43 /* GameViewController.swift */,
				F76C41B71F14057E00F84F43 /* Level.swift */,
				F76C41B91F141DE800F84F43 /* Player.swift */,
				F76C41C71F1597C600F84F43 /* CollisionManager.swift */,
				F76C41821F13DFB000F84F43 /* Main.storyboard */,
				F76C41851F13DFB000F84F43 /* Assets.xcassets */,
				F76C41871F13DFB000F84F43 /* LaunchScreen.storyboard */,
				F76C418A1F13DFB000F84F43 /* Info.plist */,
				F76C41C91F159C4B00F84F43 /* CharacterActions.sks */,
				F7A094401F280D3100A88923 /* Data Persistence */,
				F7993EE51F2025B000FE430D /* LevelSummary */,
				F7993ED21F1F378900FE430D /* LevelSelect */,
				F71205411F17F3D1007DF257 /* Animations */,
				F76C41BE1F15469500F84F43 /* Obstacles/Objects */,
				F7101A3D1F1D50CE002C8367 /* Forest */,
				F77F437D1F22FBBD00312E78 /* Levels */,
				F7993EDF1F1FD30B00FE430D /* Level_66 */,
			);
			path = Amorphous;
			sourceTree = "<group>";
		};
		F76C41921F13DFB100F84F43 /* AmorphousTests */ = {
			isa = PBXGroup;
			children = (
				F76C41931F13DFB100F84F43 /* AmorphousTests.swift */,
				F76C41951F13DFB100F84F43 /* Info.plist */,
			);
			path = AmorphousTests;
			sourceTree = "<group>";
		};
		F76C419D1F13DFB100F84F43 /* AmorphousUITests */ = {
			isa = PBXGroup;
			children = (
				F76C419E1F13DFB100F84F43 /* AmorphousUITests.swift */,
				F76C41A01F13DFB100F84F43 /* Info.plist */,
			);
			path = AmorphousUITests;
			sourceTree = "<group>";
		};
		F76C41B61F13FEF100F84F43 /* Level_4 */ = {
			isa = PBXGroup;
			children = (
				F76C41B21F13FE6B00F84F43 /* Level_4.sks */,
				F76C41B41F13FE9800F84F43 /* Level_4.swift */,
			);
			name = Level_4;
			sourceTree = "<group>";
		};
		F76C41BE1F15469500F84F43 /* Obstacles/Objects */ = {
			isa = PBXGroup;
			children = (
				F77F435C1F22796F00312E78 /* Flame */,
				F71205321F17D9FF007DF257 /* Spikes */,
				F76C41C31F15707600F84F43 /* Sponge */,
				F712053E1F17F382007DF257 /* Fan */,
				F71BD43C1F19443D0045DC2B /* OilSpill */,
				F752B10C1F1B245200FAC328 /* Water */,
				F7993EE01F1FF3A300FE430D /* FallingBlock */,
				F7EF5D601F25DC16007BBC40 /* HorizontalMovingPlatform */,
				F71A32661F266C8E00F80338 /* VerticalMovingPlatform */,
				F76C41C61F15811F00F84F43 /* Window */,
			);
			name = Obstacles/Objects;
			sourceTree = "<group>";
		};
		F76C41C31F15707600F84F43 /* Sponge */ = {
			isa = PBXGroup;
			children = (
				F76C41BC1F15468000F84F43 /* Sponge.sks */,
				F76C41C11F15706F00F84F43 /* Sponge.swift */,
			);
			name = Sponge;
			sourceTree = "<group>";
		};
		F76C41C61F15811F00F84F43 /* Window */ = {
			isa = PBXGroup;
			children = (
				F76C41BF1F156CE300F84F43 /* Window.sks */,
				F76C41C41F15811700F84F43 /* Window.swift */,
			);
			name = Window;
			sourceTree = "<group>";
		};
		F77F43571F226DC600312E78 /* Level_24 */ = {
			isa = PBXGroup;
			children = (
				F77F43531F226DA100312E78 /* Level_24.swift */,
				F77F43551F226DBA00312E78 /* Level_24.sks */,
			);
			name = Level_24;
			sourceTree = "<group>";
		};
		F77F435C1F22796F00312E78 /* Flame */ = {
			isa = PBXGroup;
			children = (
				F77F43581F2278BF00312E78 /* Flame.swift */,
				F77F435A1F2278CE00312E78 /* Flame.sks */,
			);
			name = Flame;
			sourceTree = "<group>";
		};
		F77F43651F22AC3D00312E78 /* Level_1 */ = {
			isa = PBXGroup;
			children = (
				F77F43631F22A8DF00312E78 /* Level_1.sks */,
				F77F43611F22A8A500312E78 /* Level_1.swift */,
			);
			name = Level_1;
			sourceTree = "<group>";
		};
		F77F436A1F22AEAB00312E78 /* Level_2 */ = {
			isa = PBXGroup;
			children = (
				F77F43661F22AD0800312E78 /* Level_2.swift */,
				F77F43681F22AD3100312E78 /* Level_2.sks */,
			);
			name = Level_2;
			sourceTree = "<group>";
		};
		F77F436F1F22C77900312E78 /* Chapter_1 */ = {
			isa = PBXGroup;
			children = (
				F77F43651F22AC3D00312E78 /* Level_1 */,
				F77F436A1F22AEAB00312E78 /* Level_2 */,
				F77F43701F22CBE800312E78 /* Level_3 */,
				F76C41B61F13FEF100F84F43 /* Level_4 */,
				F77F43771F22F5AA00312E78 /* Level_5 */,
				F77F437C1F22FBA600312E78 /* Level_6 */,
				F77F43821F234C4500312E78 /* Level_7 */,
				F71205391F17DB35007DF257 /* Level_8 */,
				F71DF1291F249B3E006B0E44 /* Level_9 */,
				F752B10F1F1B28DC00FAC328 /* Level_10 */,
				F71A326D1F26935400F80338 /* Level_11 */,
				F71BD4411F1948A90045DC2B /* Level_12 */,
				F71A32721F269BCB00F80338 /* Level_13 */,
				F71A32771F26A48A00F80338 /* Level_14 */,
				F71A327C1F26B40B00F80338 /* Level_15 */,
				F7AC5D481F27B63200E6D18A /* Level_16 */,
				F7A094311F27CCE900A88923 /* Level_17 */,
				F7F162BF1F21713A00BB8F77 /* Level_18 */,
				F7A094361F27FB9500A88923 /* Level_19 */,
				F7A0943D1F280C7800A88923 /* Level_20 */,
			);
			name = Chapter_1;
			sourceTree = "<group>";
		};
		F77F43701F22CBE800312E78 /* Level_3 */ = {
			isa = PBXGroup;
			children = (
				F77F436B1F22AFB400312E78 /* Level_3.swift */,
				F77F436D1F22AFDD00312E78 /* Level_3.sks */,
			);
			name = Level_3;
			sourceTree = "<group>";
		};
		F77F43771F22F5AA00312E78 /* Level_5 */ = {
			isa = PBXGroup;
			children = (
				F77F43711F22F1C800312E78 /* Level_5.swift */,
				F77F43751F22F1FA00312E78 /* Level_5.sks */,
			);
			name = Level_5;
			sourceTree = "<group>";
		};
		F77F437C1F22FBA600312E78 /* Level_6 */ = {
			isa = PBXGroup;
			children = (
				F77F43781F22F8CB00312E78 /* Level_6.swift */,
				F77F437A1F22F91400312E78 /* Level_6.sks */,
			);
			name = Level_6;
			sourceTree = "<group>";
		};
		F77F437D1F22FBBD00312E78 /* Levels */ = {
			isa = PBXGroup;
			children = (
				F77F436F1F22C77900312E78 /* Chapter_1 */,
				F7A094481F2907D100A88923 /* Chapter 2 */,
			);
			name = Levels;
			sourceTree = "<group>";
		};
		F77F43821F234C4500312E78 /* Level_7 */ = {
			isa = PBXGroup;
			children = (
				F77F437E1F23461F00312E78 /* Level_7.swift */,
				F77F43801F23462800312E78 /* Level_7.sks */,
			);
			name = Level_7;
			sourceTree = "<group>";
		};
		F7993ED21F1F378900FE430D /* LevelSelect */ = {
			isa = PBXGroup;
			children = (
				F702DEB11F2A5D6100ACEED1 /* LevelSelectStars */,
				F76C41AE1F13EB3500F84F43 /* LevelSelect.sks */,
				F7993ED31F1F37D300FE430D /* LevelSelect2.sks */,
				F7A0944B1F2908F500A88923 /* LevelSelect3.sks */,
				F76C41B01F13EBD000F84F43 /* LevelSelect.swift */,
				F7993ED51F1F37FD00FE430D /* LevelSelect2.swift */,
				F7A094491F2908B100A88923 /* LevelSelect3.swift */,
			);
			name = LevelSelect;
			sourceTree = "<group>";
		};
		F7993EDF1F1FD30B00FE430D /* Level_66 */ = {
			isa = PBXGroup;
			children = (
				F7993EDB1F1FD13E00FE430D /* Level_66.swift */,
				F7993EDD1F1FD20C00FE430D /* Level_66.sks */,
			);
			name = Level_66;
			sourceTree = "<group>";
		};
		F7993EE01F1FF3A300FE430D /* FallingBlock */ = {
			isa = PBXGroup;
			children = (
				F7993ED71F1FC77700FE430D /* FallingBlock.swift */,
				F7993ED91F1FC7A500FE430D /* FallingBlock.sks */,
			);
			name = FallingBlock;
			sourceTree = "<group>";
		};
		F7993EE51F2025B000FE430D /* LevelSummary */ = {
			isa = PBXGroup;
			children = (
				F7993EE11F20221000FE430D /* LevelSummary.swift */,
				F7993EE31F20222000FE430D /* LevelSummary.sks */,
			);
			name = LevelSummary;
			sourceTree = "<group>";
		};
		F7A094311F27CCE900A88923 /* Level_17 */ = {
			isa = PBXGroup;
			children = (
				F7AC5D491F27B6E700E6D18A /* Level_17.swift */,
				F7A0942F1F27BB0B00A88923 /* Level_17.sks */,
			);
			name = Level_17;
			sourceTree = "<group>";
		};
		F7A094361F27FB9500A88923 /* Level_19 */ = {
			isa = PBXGroup;
			children = (
				F7A094321F27F20300A88923 /* Level_19.swift */,
				F7A094341F27F36D00A88923 /* Level_19.sks */,
			);
			name = Level_19;
			sourceTree = "<group>";
		};
		F7A0943D1F280C7800A88923 /* Level_20 */ = {
			isa = PBXGroup;
			children = (
				F7A094371F27FBBA00A88923 /* Level_20.swift */,
				F7A0943B1F27FC4400A88923 /* Level_20.sks */,
			);
			name = Level_20;
			sourceTree = "<group>";
		};
		F7A094401F280D3100A88923 /* Data Persistence */ = {
			isa = PBXGroup;
			children = (
				F7A0943E1F280CB100A88923 /* GameData.swift */,
				F702DEB41F2AACF100ACEED1 /* WaterBottleData.swift */,
				F7A094411F280D4100A88923 /* DataManager.swift */,
			);
			name = "Data Persistence";
			sourceTree = "<group>";
		};
		F7A094471F2907B500A88923 /* Level_21 */ = {
			isa = PBXGroup;
			children = (
				F7A094431F28F97D00A88923 /* Level_21.swift */,
				F7A094451F28F98A00A88923 /* Level_21.sks */,
			);
			name = Level_21;
			sourceTree = "<group>";
		};
		F7A094481F2907D100A88923 /* Chapter 2 */ = {
			isa = PBXGroup;
			children = (
				F7A094471F2907B500A88923 /* Level_21 */,
				F7101A421F1D8358002C8367 /* Level_22 */,
				F7A094531F291CE900A88923 /* Level_23 */,
				F77F43571F226DC600312E78 /* Level_24 */,
				F702DEAE1F2948C300ACEED1 /* Level_25 */,
			);
			name = "Chapter 2";
			sourceTree = "<group>";
		};
		F7A094531F291CE900A88923 /* Level_23 */ = {
			isa = PBXGroup;
			children = (
				F7A0944F1F2913A000A88923 /* Level_23.swift */,
				F7A094511F29140100A88923 /* Level_23.sks */,
			);
			name = Level_23;
			sourceTree = "<group>";
		};
		F7AC5D481F27B63200E6D18A /* Level_16 */ = {
			isa = PBXGroup;
			children = (
				F7AC5D441F27AC7C00E6D18A /* Level_16.swift */,
				F7AC5D461F27AC8B00E6D18A /* Level_16.sks */,
			);
			name = Level_16;
			sourceTree = "<group>";
		};
		F7DD4D801F1EC56B0024687B /* PlantsPage */ = {
			isa = PBXGroup;
			children = (
				F7DD4D811F1EC5880024687B /* PlantsPage.swift */,
				F7DD4D831F1EC9A00024687B /* PlantsPage.sks */,
			);
			name = PlantsPage;
			sourceTree = "<group>";
		};
		F7EF5D601F25DC16007BBC40 /* HorizontalMovingPlatform */ = {
			isa = PBXGroup;
			children = (
				F7EF5D5C1F25DB1B007BBC40 /* HorizontalMovingPlatform.sks */,
				F7EF5D5E1F25DB2C007BBC40 /* HorizontalMovingPlatform.swift */,
			);
			name = HorizontalMovingPlatform;
			sourceTree = "<group>";
		};
		F7F162BF1F21713A00BB8F77 /* Level_18 */ = {
			isa = PBXGroup;
			children = (
				F7F162BB1F21712400BB8F77 /* Level_18.swift */,
				F7F162BD1F21713200BB8F77 /* Level_18.sks */,
			);
			name = Level_18;
			sourceTree = "<group>";
		};
/* End PBXGroup section */

/* Begin PBXNativeTarget section */
		F76C41741F13DFB000F84F43 /* Amorphous */ = {
			isa = PBXNativeTarget;
			buildConfigurationList = F76C41A31F13DFB100F84F43 /* Build configuration list for PBXNativeTarget "Amorphous" */;
			buildPhases = (
				F76C41711F13DFB000F84F43 /* Sources */,
				F76C41721F13DFB000F84F43 /* Frameworks */,
				F76C41731F13DFB000F84F43 /* Resources */,
			);
			buildRules = (
			);
			dependencies = (
			);
			name = Amorphous;
			productName = Amorphous;
			productReference = F76C41751F13DFB000F84F43 /* Amorphous.app */;
			productType = "com.apple.product-type.application";
		};
		F76C418E1F13DFB000F84F43 /* AmorphousTests */ = {
			isa = PBXNativeTarget;
			buildConfigurationList = F76C41A61F13DFB100F84F43 /* Build configuration list for PBXNativeTarget "AmorphousTests" */;
			buildPhases = (
				F76C418B1F13DFB000F84F43 /* Sources */,
				F76C418C1F13DFB000F84F43 /* Frameworks */,
				F76C418D1F13DFB000F84F43 /* Resources */,
			);
			buildRules = (
			);
			dependencies = (
				F76C41911F13DFB100F84F43 /* PBXTargetDependency */,
			);
			name = AmorphousTests;
			productName = AmorphousTests;
			productReference = F76C418F1F13DFB000F84F43 /* AmorphousTests.xctest */;
			productType = "com.apple.product-type.bundle.unit-test";
		};
		F76C41991F13DFB100F84F43 /* AmorphousUITests */ = {
			isa = PBXNativeTarget;
			buildConfigurationList = F76C41A91F13DFB100F84F43 /* Build configuration list for PBXNativeTarget "AmorphousUITests" */;
			buildPhases = (
				F76C41961F13DFB100F84F43 /* Sources */,
				F76C41971F13DFB100F84F43 /* Frameworks */,
				F76C41981F13DFB100F84F43 /* Resources */,
			);
			buildRules = (
			);
			dependencies = (
				F76C419C1F13DFB100F84F43 /* PBXTargetDependency */,
			);
			name = AmorphousUITests;
			productName = AmorphousUITests;
			productReference = F76C419A1F13DFB100F84F43 /* AmorphousUITests.xctest */;
			productType = "com.apple.product-type.bundle.ui-testing";
		};
/* End PBXNativeTarget section */

/* Begin PBXProject section */
		F76C416D1F13DFB000F84F43 /* Project object */ = {
			isa = PBXProject;
			attributes = {
				LastSwiftUpdateCheck = 0830;
				LastUpgradeCheck = 0830;
				ORGANIZATIONNAME = "Sreehari Ram Mohan";
				TargetAttributes = {
					F76C41741F13DFB000F84F43 = {
						CreatedOnToolsVersion = 8.3.3;
						DevelopmentTeam = H9K3EBE8A3;
						ProvisioningStyle = Automatic;
						SystemCapabilities = {
							com.apple.DataProtection = {
								enabled = 0;
							};
						};
					};
					F76C418E1F13DFB000F84F43 = {
						CreatedOnToolsVersion = 8.3.3;
						DevelopmentTeam = H9K3EBE8A3;
						ProvisioningStyle = Automatic;
						TestTargetID = F76C41741F13DFB000F84F43;
					};
					F76C41991F13DFB100F84F43 = {
						CreatedOnToolsVersion = 8.3.3;
						DevelopmentTeam = H9K3EBE8A3;
						ProvisioningStyle = Automatic;
						TestTargetID = F76C41741F13DFB000F84F43;
					};
				};
			};
			buildConfigurationList = F76C41701F13DFB000F84F43 /* Build configuration list for PBXProject "Amorphous" */;
			compatibilityVersion = "Xcode 3.2";
			developmentRegion = English;
			hasScannedForEncodings = 0;
			knownRegions = (
				en,
				Base,
			);
			mainGroup = F76C416C1F13DFB000F84F43;
			productRefGroup = F76C41761F13DFB000F84F43 /* Products */;
			projectDirPath = "";
			projectRoot = "";
			targets = (
				F76C41741F13DFB000F84F43 /* Amorphous */,
				F76C418E1F13DFB000F84F43 /* AmorphousTests */,
				F76C41991F13DFB100F84F43 /* AmorphousUITests */,
			);
		};
/* End PBXProject section */

/* Begin PBXResourcesBuildPhase section */
		F76C41731F13DFB000F84F43 /* Resources */ = {
			isa = PBXResourcesBuildPhase;
			buildActionMask = 2147483647;
			files = (
				F71A32761F269CD000F80338 /* Level_14.sks in Resources */,
				F7EF5D5D1F25DB1B007BBC40 /* HorizontalMovingPlatform.sks in Resources */,
				F76C41841F13DFB000F84F43 /* Main.storyboard in Resources */,
				F713B87A1F1E84520022E8E4 /* BuyPlants.sks in Resources */,
				F7A0943C1F27FC4400A88923 /* Level_20.sks in Resources */,
				F7A094571F2939CF00A88923 /* Level_25.sks in Resources */,
				F712053B1F17DCB8007DF257 /* Level_8.sks in Resources */,
				F7A0944C1F2908F500A88923 /* LevelSelect3.sks in Resources */,
				F77F437B1F22F91400312E78 /* Level_6.sks in Resources */,
				F76C417B1F13DFB000F84F43 /* Forest.sks in Resources */,
				F76C41AF1F13EB3500F84F43 /* LevelSelect.sks in Resources */,
				F71DF1281F249B39006B0E44 /* Level_9.sks in Resources */,
				F7101A3F1F1D833B002C8367 /* Level_22.sks in Resources */,
				F7AC5D471F27AC8B00E6D18A /* Level_16.sks in Resources */,
				F7A094521F29140100A88923 /* Level_23.sks in Resources */,
				F76C41861F13DFB000F84F43 /* Assets.xcassets in Resources */,
				F76C41CC1F159CA100F84F43 /* SpongeSuck.sks in Resources */,
				F71A327B1F26A5E400F80338 /* Level_15.sks in Resources */,
				F7A094351F27F36D00A88923 /* Level_19.sks in Resources */,
				F752B1151F1B307700FAC328 /* Water.sks in Resources */,
				F77F43561F226DBA00312E78 /* Level_24.sks in Resources */,
				F76C41C01F156CE300F84F43 /* Window.sks in Resources */,
				F76C41891F13DFB000F84F43 /* LaunchScreen.storyboard in Resources */,
				F76C41BD1F15468000F84F43 /* Sponge.sks in Resources */,
				F77F436E1F22AFDD00312E78 /* Level_3.sks in Resources */,
				F71205431F17F3E9007DF257 /* FanSpin.sks in Resources */,
				F7993EDA1F1FC7A500FE430D /* FallingBlock.sks in Resources */,
				F7A094301F27BB0B00A88923 /* Level_17.sks in Resources */,
				F76C41CA1F159C4B00F84F43 /* CharacterActions.sks in Resources */,
				F77F43761F22F1FA00312E78 /* Level_5.sks in Resources */,
				F71A326C1F26786400F80338 /* Level_11.sks in Resources */,
				F7C1E6081F197AD900D063E0 /* OilSpill_Left.sks in Resources */,
				F71205451F17F59A007DF257 /* Fan.sks in Resources */,
				F702DEB01F29498400ACEED1 /* LevelSelectStars.sks in Resources */,
				F7A094461F28F98A00A88923 /* Level_21.sks in Resources */,
				F77F435B1F2278CE00312E78 /* Flame.sks in Resources */,
				F71A32651F265FC400F80338 /* VerticalMovingPlatform.sks in Resources */,
				F752B1111F1B29B100FAC328 /* Level_10.sks in Resources */,
				F71BD4401F1948A40045DC2B /* Level_12.sks in Resources */,
				F71A32711F26984200F80338 /* Level_13.sks in Resources */,
				F71205311F17D9DC007DF257 /* Spikes.sks in Resources */,
				F77F43811F23462800312E78 /* Level_7.sks in Resources */,
				F7F162BE1F21713200BB8F77 /* Level_18.sks in Resources */,
				F71BD43B1F1941DC0045DC2B /* OilSpill_Right.sks in Resources */,
				F7993EDE1F1FD20C00FE430D /* Level_66.sks in Resources */,
				F7DD4D841F1EC9A00024687B /* PlantsPage.sks in Resources */,
				F77F43641F22A8DF00312E78 /* Level_1.sks in Resources */,
				F7993ED41F1F37D300FE430D /* LevelSelect2.sks in Resources */,
				F77F43691F22AD3100312E78 /* Level_2.sks in Resources */,
				F76C41B31F13FE6B00F84F43 /* Level_4.sks in Resources */,
				F780B69C1F16C32600A54538 /* WindowCrack.sks in Resources */,
				F7993EE41F20222000FE430D /* LevelSummary.sks in Resources */,
				F76C417D1F13DFB000F84F43 /* Actions.sks in Resources */,
			);
			runOnlyForDeploymentPostprocessing = 0;
		};
		F76C418D1F13DFB000F84F43 /* Resources */ = {
			isa = PBXResourcesBuildPhase;
			buildActionMask = 2147483647;
			files = (
			);
			runOnlyForDeploymentPostprocessing = 0;
		};
		F76C41981F13DFB100F84F43 /* Resources */ = {
			isa = PBXResourcesBuildPhase;
			buildActionMask = 2147483647;
			files = (
			);
			runOnlyForDeploymentPostprocessing = 0;
		};
/* End PBXResourcesBuildPhase section */

/* Begin PBXSourcesBuildPhase section */
		F76C41711F13DFB000F84F43 /* Sources */ = {
			isa = PBXSourcesBuildPhase;
			buildActionMask = 2147483647;
			files = (
				F76C417F1F13DFB000F84F43 /* Forest.swift in Sources */,
				F7AC5D451F27AC7C00E6D18A /* Level_16.swift in Sources */,
				F76C41C51F15811700F84F43 /* Window.swift in Sources */,
				F7A094551F29355200A88923 /* Level_25.swift in Sources */,
				F7A094441F28F97D00A88923 /* Level_21.swift in Sources */,
				F71BD4431F1949020045DC2B /* Level_12.swift in Sources */,
				F702DEB31F2A8D9600ACEED1 /* Plant.swift in Sources */,
				F7A094421F280D4100A88923 /* DataManager.swift in Sources */,
				F77F43591F2278BF00312E78 /* Flame.swift in Sources */,
				F7A0943F1F280CB100A88923 /* GameData.swift in Sources */,
				F76C41B81F14057E00F84F43 /* Level.swift in Sources */,
				F76C41C81F1597C600F84F43 /* CollisionManager.swift in Sources */,
				F77F43671F22AD0800312E78 /* Level_2.swift in Sources */,
				F7993EDC1F1FD13E00FE430D /* Level_66.swift in Sources */,
				F7AC5D4A1F27B6E700E6D18A /* Level_17.swift in Sources */,
				F7993ED81F1FC77700FE430D /* FallingBlock.swift in Sources */,
				F752B10B1F1B244600FAC328 /* Water.swift in Sources */,
				F71A32631F265FAF00F80338 /* VerticalMovingPlatform.swift in Sources */,
				F76C41C21F15706F00F84F43 /* Sponge.swift in Sources */,
				F71A32681F266E4100F80338 /* Level_11.swift in Sources */,
				F76C41811F13DFB000F84F43 /* GameViewController.swift in Sources */,
				F702DEAD1F29486400ACEED1 /* LevelSelectStars.swift in Sources */,
				F76C41B51F13FE9800F84F43 /* Level_4.swift in Sources */,
				F7101A411F1D8350002C8367 /* Level_22.swift in Sources */,
				F71205361F17DB18007DF257 /* Level_8.swift in Sources */,
				F7A0944A1F2908B100A88923 /* LevelSelect3.swift in Sources */,
				F77F43621F22A8A500312E78 /* Level_1.swift in Sources */,
				F76C41BA1F141DE800F84F43 /* Player.swift in Sources */,
				F7A094381F27FBBA00A88923 /* Level_20.swift in Sources */,
				F77F436C1F22AFB400312E78 /* Level_3.swift in Sources */,
				F7993EE21F20221100FE430D /* LevelSummary.swift in Sources */,
				F71205401F17F39C007DF257 /* Fan.swift in Sources */,
				F71A32791F26A5D500F80338 /* Level_15.swift in Sources */,
				F77F43721F22F1C800312E78 /* Level_5.swift in Sources */,
				F7F162BC1F21712400BB8F77 /* Level_18.swift in Sources */,
				F702DEB51F2AACF100ACEED1 /* WaterBottleData.swift in Sources */,
				F77F437F1F23461F00312E78 /* Level_7.swift in Sources */,
				F71A326F1F26970600F80338 /* Level_13.swift in Sources */,
				F7993ED61F1F37FD00FE430D /* LevelSelect2.swift in Sources */,
				F7EF5D5F1F25DB2C007BBC40 /* HorizontalMovingPlatform.swift in Sources */,
				F76C41B11F13EBD000F84F43 /* LevelSelect.swift in Sources */,
				F76C41791F13DFB000F84F43 /* AppDelegate.swift in Sources */,
				F71BD43E1F1944D90045DC2B /* OilSpill.swift in Sources */,
				F7DD4D821F1EC5880024687B /* PlantsPage.swift in Sources */,
				F713B87C1F1E84690022E8E4 /* BuyPlants.swift in Sources */,
				F7A094501F2913A000A88923 /* Level_23.swift in Sources */,
				F71205341F17DA21007DF257 /* Spikes.swift in Sources */,
				F71DF1261F249B2E006B0E44 /* Level_9.swift in Sources */,
				F77F43791F22F8CB00312E78 /* Level_6.swift in Sources */,
				F76C41AD1F13E67400F84F43 /* MSButtonNode.swift in Sources */,
				F71A32741F269CBE00F80338 /* Level_14.swift in Sources */,
				F752B1131F1B29CA00FAC328 /* Level_10.swift in Sources */,
				F7A094331F27F20300A88923 /* Level_19.swift in Sources */,
				F77F43541F226DA100312E78 /* Level_24.swift in Sources */,
			);
			runOnlyForDeploymentPostprocessing = 0;
		};
		F76C418B1F13DFB000F84F43 /* Sources */ = {
			isa = PBXSourcesBuildPhase;
			buildActionMask = 2147483647;
			files = (
				F76C41941F13DFB100F84F43 /* AmorphousTests.swift in Sources */,
			);
			runOnlyForDeploymentPostprocessing = 0;
		};
		F76C41961F13DFB100F84F43 /* Sources */ = {
			isa = PBXSourcesBuildPhase;
			buildActionMask = 2147483647;
			files = (
				F76C419F1F13DFB100F84F43 /* AmorphousUITests.swift in Sources */,
			);
			runOnlyForDeploymentPostprocessing = 0;
		};
/* End PBXSourcesBuildPhase section */

/* Begin PBXTargetDependency section */
		F76C41911F13DFB100F84F43 /* PBXTargetDependency */ = {
			isa = PBXTargetDependency;
			target = F76C41741F13DFB000F84F43 /* Amorphous */;
			targetProxy = F76C41901F13DFB100F84F43 /* PBXContainerItemProxy */;
		};
		F76C419C1F13DFB100F84F43 /* PBXTargetDependency */ = {
			isa = PBXTargetDependency;
			target = F76C41741F13DFB000F84F43 /* Amorphous */;
			targetProxy = F76C419B1F13DFB100F84F43 /* PBXContainerItemProxy */;
		};
/* End PBXTargetDependency section */

/* Begin PBXVariantGroup section */
		F76C41821F13DFB000F84F43 /* Main.storyboard */ = {
			isa = PBXVariantGroup;
			children = (
				F76C41831F13DFB000F84F43 /* Base */,
			);
			name = Main.storyboard;
			sourceTree = "<group>";
		};
		F76C41871F13DFB000F84F43 /* LaunchScreen.storyboard */ = {
			isa = PBXVariantGroup;
			children = (
				F76C41881F13DFB000F84F43 /* Base */,
			);
			name = LaunchScreen.storyboard;
			sourceTree = "<group>";
		};
/* End PBXVariantGroup section */

/* Begin XCBuildConfiguration section */
		F76C41A11F13DFB100F84F43 /* Debug */ = {
			isa = XCBuildConfiguration;
			buildSettings = {
				ALWAYS_SEARCH_USER_PATHS = NO;
				CLANG_ANALYZER_NONNULL = YES;
				CLANG_ANALYZER_NUMBER_OBJECT_CONVERSION = YES_AGGRESSIVE;
				CLANG_CXX_LANGUAGE_STANDARD = "gnu++0x";
				CLANG_CXX_LIBRARY = "libc++";
				CLANG_ENABLE_MODULES = YES;
				CLANG_ENABLE_OBJC_ARC = YES;
				CLANG_WARN_BOOL_CONVERSION = YES;
				CLANG_WARN_CONSTANT_CONVERSION = YES;
				CLANG_WARN_DIRECT_OBJC_ISA_USAGE = YES_ERROR;
				CLANG_WARN_DOCUMENTATION_COMMENTS = YES;
				CLANG_WARN_EMPTY_BODY = YES;
				CLANG_WARN_ENUM_CONVERSION = YES;
				CLANG_WARN_INFINITE_RECURSION = YES;
				CLANG_WARN_INT_CONVERSION = YES;
				CLANG_WARN_OBJC_ROOT_CLASS = YES_ERROR;
				CLANG_WARN_SUSPICIOUS_MOVE = YES;
				CLANG_WARN_UNREACHABLE_CODE = YES;
				CLANG_WARN__DUPLICATE_METHOD_MATCH = YES;
				"CODE_SIGN_IDENTITY[sdk=iphoneos*]" = "iPhone Developer";
				COPY_PHASE_STRIP = NO;
				DEBUG_INFORMATION_FORMAT = dwarf;
				ENABLE_STRICT_OBJC_MSGSEND = YES;
				ENABLE_TESTABILITY = YES;
				GCC_C_LANGUAGE_STANDARD = gnu99;
				GCC_DYNAMIC_NO_PIC = NO;
				GCC_NO_COMMON_BLOCKS = YES;
				GCC_OPTIMIZATION_LEVEL = 0;
				GCC_PREPROCESSOR_DEFINITIONS = (
					"DEBUG=1",
					"$(inherited)",
				);
				GCC_WARN_64_TO_32_BIT_CONVERSION = YES;
				GCC_WARN_ABOUT_RETURN_TYPE = YES_ERROR;
				GCC_WARN_UNDECLARED_SELECTOR = YES;
				GCC_WARN_UNINITIALIZED_AUTOS = YES_AGGRESSIVE;
				GCC_WARN_UNUSED_FUNCTION = YES;
				GCC_WARN_UNUSED_VARIABLE = YES;
				IPHONEOS_DEPLOYMENT_TARGET = 10.3;
				MTL_ENABLE_DEBUG_INFO = YES;
				ONLY_ACTIVE_ARCH = YES;
				SDKROOT = iphoneos;
				SWIFT_ACTIVE_COMPILATION_CONDITIONS = DEBUG;
				SWIFT_OPTIMIZATION_LEVEL = "-Onone";
				TARGETED_DEVICE_FAMILY = "1,2";
			};
			name = Debug;
		};
		F76C41A21F13DFB100F84F43 /* Release */ = {
			isa = XCBuildConfiguration;
			buildSettings = {
				ALWAYS_SEARCH_USER_PATHS = NO;
				CLANG_ANALYZER_NONNULL = YES;
				CLANG_ANALYZER_NUMBER_OBJECT_CONVERSION = YES_AGGRESSIVE;
				CLANG_CXX_LANGUAGE_STANDARD = "gnu++0x";
				CLANG_CXX_LIBRARY = "libc++";
				CLANG_ENABLE_MODULES = YES;
				CLANG_ENABLE_OBJC_ARC = YES;
				CLANG_WARN_BOOL_CONVERSION = YES;
				CLANG_WARN_CONSTANT_CONVERSION = YES;
				CLANG_WARN_DIRECT_OBJC_ISA_USAGE = YES_ERROR;
				CLANG_WARN_DOCUMENTATION_COMMENTS = YES;
				CLANG_WARN_EMPTY_BODY = YES;
				CLANG_WARN_ENUM_CONVERSION = YES;
				CLANG_WARN_INFINITE_RECURSION = YES;
				CLANG_WARN_INT_CONVERSION = YES;
				CLANG_WARN_OBJC_ROOT_CLASS = YES_ERROR;
				CLANG_WARN_SUSPICIOUS_MOVE = YES;
				CLANG_WARN_UNREACHABLE_CODE = YES;
				CLANG_WARN__DUPLICATE_METHOD_MATCH = YES;
				"CODE_SIGN_IDENTITY[sdk=iphoneos*]" = "iPhone Developer";
				COPY_PHASE_STRIP = NO;
				DEBUG_INFORMATION_FORMAT = "dwarf-with-dsym";
				ENABLE_NS_ASSERTIONS = NO;
				ENABLE_STRICT_OBJC_MSGSEND = YES;
				GCC_C_LANGUAGE_STANDARD = gnu99;
				GCC_NO_COMMON_BLOCKS = YES;
				GCC_WARN_64_TO_32_BIT_CONVERSION = YES;
				GCC_WARN_ABOUT_RETURN_TYPE = YES_ERROR;
				GCC_WARN_UNDECLARED_SELECTOR = YES;
				GCC_WARN_UNINITIALIZED_AUTOS = YES_AGGRESSIVE;
				GCC_WARN_UNUSED_FUNCTION = YES;
				GCC_WARN_UNUSED_VARIABLE = YES;
				IPHONEOS_DEPLOYMENT_TARGET = 10.3;
				MTL_ENABLE_DEBUG_INFO = NO;
				SDKROOT = iphoneos;
				SWIFT_OPTIMIZATION_LEVEL = "-Owholemodule";
				TARGETED_DEVICE_FAMILY = "1,2";
				VALIDATE_PRODUCT = YES;
			};
			name = Release;
		};
		F76C41A41F13DFB100F84F43 /* Debug */ = {
			isa = XCBuildConfiguration;
			buildSettings = {
				ASSETCATALOG_COMPILER_APPICON_NAME = AppIcon;
				"CODE_SIGN_IDENTITY[sdk=iphoneos*]" = "iPhone Developer";
				DEVELOPMENT_TEAM = H9K3EBE8A3;
				INFOPLIST_FILE = Amorphous/Info.plist;
				LD_RUNPATH_SEARCH_PATHS = "$(inherited) @executable_path/Frameworks";
				PRODUCT_BUNDLE_IDENTIFIER = SreehariRamMohan.Amorphous;
				PRODUCT_NAME = "$(TARGET_NAME)";
				PROVISIONING_PROFILE_SPECIFIER = "";
				SWIFT_VERSION = 3.0;
			};
			name = Debug;
		};
		F76C41A51F13DFB100F84F43 /* Release */ = {
			isa = XCBuildConfiguration;
			buildSettings = {
				ASSETCATALOG_COMPILER_APPICON_NAME = AppIcon;
				"CODE_SIGN_IDENTITY[sdk=iphoneos*]" = "iPhone Developer";
				DEVELOPMENT_TEAM = H9K3EBE8A3;
				INFOPLIST_FILE = Amorphous/Info.plist;
				LD_RUNPATH_SEARCH_PATHS = "$(inherited) @executable_path/Frameworks";
				PRODUCT_BUNDLE_IDENTIFIER = SreehariRamMohan.Amorphous;
				PRODUCT_NAME = "$(TARGET_NAME)";
				PROVISIONING_PROFILE_SPECIFIER = "";
				SWIFT_VERSION = 3.0;
			};
			name = Release;
		};
		F76C41A71F13DFB100F84F43 /* Debug */ = {
			isa = XCBuildConfiguration;
			buildSettings = {
				ALWAYS_EMBED_SWIFT_STANDARD_LIBRARIES = YES;
				BUNDLE_LOADER = "$(TEST_HOST)";
				DEVELOPMENT_TEAM = H9K3EBE8A3;
				INFOPLIST_FILE = AmorphousTests/Info.plist;
				LD_RUNPATH_SEARCH_PATHS = "$(inherited) @executable_path/Frameworks @loader_path/Frameworks";
				PRODUCT_BUNDLE_IDENTIFIER = SreehariRamMohan.AmorphousTests;
				PRODUCT_NAME = "$(TARGET_NAME)";
				SWIFT_VERSION = 3.0;
				TEST_HOST = "$(BUILT_PRODUCTS_DIR)/Amorphous.app/Amorphous";
			};
			name = Debug;
		};
		F76C41A81F13DFB100F84F43 /* Release */ = {
			isa = XCBuildConfiguration;
			buildSettings = {
				ALWAYS_EMBED_SWIFT_STANDARD_LIBRARIES = YES;
				BUNDLE_LOADER = "$(TEST_HOST)";
				DEVELOPMENT_TEAM = H9K3EBE8A3;
				INFOPLIST_FILE = AmorphousTests/Info.plist;
				LD_RUNPATH_SEARCH_PATHS = "$(inherited) @executable_path/Frameworks @loader_path/Frameworks";
				PRODUCT_BUNDLE_IDENTIFIER = SreehariRamMohan.AmorphousTests;
				PRODUCT_NAME = "$(TARGET_NAME)";
				SWIFT_VERSION = 3.0;
				TEST_HOST = "$(BUILT_PRODUCTS_DIR)/Amorphous.app/Amorphous";
			};
			name = Release;
		};
		F76C41AA1F13DFB100F84F43 /* Debug */ = {
			isa = XCBuildConfiguration;
			buildSettings = {
				ALWAYS_EMBED_SWIFT_STANDARD_LIBRARIES = YES;
				DEVELOPMENT_TEAM = H9K3EBE8A3;
				INFOPLIST_FILE = AmorphousUITests/Info.plist;
				LD_RUNPATH_SEARCH_PATHS = "$(inherited) @executable_path/Frameworks @loader_path/Frameworks";
				PRODUCT_BUNDLE_IDENTIFIER = SreehariRamMohan.AmorphousUITests;
				PRODUCT_NAME = "$(TARGET_NAME)";
				SWIFT_VERSION = 3.0;
				TEST_TARGET_NAME = Amorphous;
			};
			name = Debug;
		};
		F76C41AB1F13DFB100F84F43 /* Release */ = {
			isa = XCBuildConfiguration;
			buildSettings = {
				ALWAYS_EMBED_SWIFT_STANDARD_LIBRARIES = YES;
				DEVELOPMENT_TEAM = H9K3EBE8A3;
				INFOPLIST_FILE = AmorphousUITests/Info.plist;
				LD_RUNPATH_SEARCH_PATHS = "$(inherited) @executable_path/Frameworks @loader_path/Frameworks";
				PRODUCT_BUNDLE_IDENTIFIER = SreehariRamMohan.AmorphousUITests;
				PRODUCT_NAME = "$(TARGET_NAME)";
				SWIFT_VERSION = 3.0;
				TEST_TARGET_NAME = Amorphous;
			};
			name = Release;
		};
/* End XCBuildConfiguration section */

/* Begin XCConfigurationList section */
		F76C41701F13DFB000F84F43 /* Build configuration list for PBXProject "Amorphous" */ = {
			isa = XCConfigurationList;
			buildConfigurations = (
				F76C41A11F13DFB100F84F43 /* Debug */,
				F76C41A21F13DFB100F84F43 /* Release */,
			);
			defaultConfigurationIsVisible = 0;
			defaultConfigurationName = Release;
		};
		F76C41A31F13DFB100F84F43 /* Build configuration list for PBXNativeTarget "Amorphous" */ = {
			isa = XCConfigurationList;
			buildConfigurations = (
				F76C41A41F13DFB100F84F43 /* Debug */,
				F76C41A51F13DFB100F84F43 /* Release */,
			);
			defaultConfigurationIsVisible = 0;
			defaultConfigurationName = Release;
		};
		F76C41A61F13DFB100F84F43 /* Build configuration list for PBXNativeTarget "AmorphousTests" */ = {
			isa = XCConfigurationList;
			buildConfigurations = (
				F76C41A71F13DFB100F84F43 /* Debug */,
				F76C41A81F13DFB100F84F43 /* Release */,
			);
			defaultConfigurationIsVisible = 0;
			defaultConfigurationName = Release;
		};
		F76C41A91F13DFB100F84F43 /* Build configuration list for PBXNativeTarget "AmorphousUITests" */ = {
			isa = XCConfigurationList;
			buildConfigurations = (
				F76C41AA1F13DFB100F84F43 /* Debug */,
				F76C41AB1F13DFB100F84F43 /* Release */,
			);
			defaultConfigurationIsVisible = 0;
			defaultConfigurationName = Release;
		};
/* End XCConfigurationList section */
	};
	rootObject = F76C416D1F13DFB000F84F43 /* Project object */;
}
